
Microsoft Visual Studio Solution File, Format Version 12.00
# Visual Studio Version 16
VisualStudioVersion = 16.0.31515.178
MinimumVisualStudioVersion = 10.0.40219.1
Project("{FAE04EC0-301F-11D3-BF4B-00C04F79EFBC}") = "MultiplyThreeNumbers", "MultiplyThreeNumbers\MultiplyThreeNumbers.csproj", "{D38A2D23-ABC8-4E7E-8F34-9300BF424E12}"
EndProject
Global
	GlobalSection(SolutionConfigurationPlatforms) = preSolution
		Debug|Any CPU = Debug|Any CPU
		Release|Any CPU = Release|Any CPU
	EndGlobalSection
	GlobalSection(ProjectConfigurationPlatforms) = postSolution
		{D38A2D23-ABC8-4E7E-8F34-9300BF424E12}.Debug|Any CPU.ActiveCfg = Debug|Any CPU
		{D38A2D23-ABC8-4E7E-8F34-9300BF424E12}.Debug|Any CPU.Build.0 = Debug|Any CPU
		{D38A2D23-ABC8-4E7E-8F34-9300BF424E12}.Release|Any CPU.ActiveCfg = Release|Any CPU
		{D38A2D23-ABC8-4E7E-8F34-9300BF424E12}.Release|Any CPU.Build.0 = Release|Any CPU
	EndGlobalSection
	GlobalSection(SolutionProperties) = preSolution
		HideSolutionNode = FALSE
	EndGlobalSection
	GlobalSection(ExtensibilityGlobals) = postSolution
		SolutionGuid = {0A114FC8-5730-47F8-A01D-992675A1C504}
	EndGlobalSection
EndGlobal
