
Microsoft Visual Studio Solution File, Format Version 12.00
# Visual Studio Version 16
VisualStudioVersion = 16.0.31515.178
MinimumVisualStudioVersion = 10.0.40219.1
Project("{FAE04EC0-301F-11D3-BF4B-00C04F79EFBC}") = "SumOfArray", "SumOfArray\SumOfArray.csproj", "{634C61B3-CE6B-471A-BCB1-C86084F355D1}"
EndProject
Global
	GlobalSection(SolutionConfigurationPlatforms) = preSolution
		Debug|Any CPU = Debug|Any CPU
		Release|Any CPU = Release|Any CPU
	EndGlobalSection
	GlobalSection(ProjectConfigurationPlatforms) = postSolution
		{634C61B3-CE6B-471A-BCB1-C86084F355D1}.Debug|Any CPU.ActiveCfg = Debug|Any CPU
		{634C61B3-CE6B-471A-BCB1-C86084F355D1}.Debug|Any CPU.Build.0 = Debug|Any CPU
		{634C61B3-CE6B-471A-BCB1-C86084F355D1}.Release|Any CPU.ActiveCfg = Release|Any CPU
		{634C61B3-CE6B-471A-BCB1-C86084F355D1}.Release|Any CPU.Build.0 = Release|Any CPU
	EndGlobalSection
	GlobalSection(SolutionProperties) = preSolution
		HideSolutionNode = FALSE
	EndGlobalSection
	GlobalSection(ExtensibilityGlobals) = postSolution
		SolutionGuid = {B4DBAE90-B89C-4464-9940-B60489361F5F}
	EndGlobalSection
EndGlobal
