
Microsoft Visual Studio Solution File, Format Version 12.00
# Visual Studio Version 16
VisualStudioVersion = 16.0.31515.178
MinimumVisualStudioVersion = 10.0.40219.1
Project("{FAE04EC0-301F-11D3-BF4B-00C04F79EFBC}") = "Degree", "Degree\Degree.csproj", "{8772810B-B2C8-4650-9C92-6A40BEC04649}"
EndProject
Global
	GlobalSection(SolutionConfigurationPlatforms) = preSolution
		Debug|Any CPU = Debug|Any CPU
		Release|Any CPU = Release|Any CPU
	EndGlobalSection
	GlobalSection(ProjectConfigurationPlatforms) = postSolution
		{8772810B-B2C8-4650-9C92-6A40BEC04649}.Debug|Any CPU.ActiveCfg = Debug|Any CPU
		{8772810B-B2C8-4650-9C92-6A40BEC04649}.Debug|Any CPU.Build.0 = Debug|Any CPU
		{8772810B-B2C8-4650-9C92-6A40BEC04649}.Release|Any CPU.ActiveCfg = Release|Any CPU
		{8772810B-B2C8-4650-9C92-6A40BEC04649}.Release|Any CPU.Build.0 = Release|Any CPU
	EndGlobalSection
	GlobalSection(SolutionProperties) = preSolution
		HideSolutionNode = FALSE
	EndGlobalSection
	GlobalSection(ExtensibilityGlobals) = postSolution
		SolutionGuid = {ACE57424-921C-4335-A403-4D9C984395CB}
	EndGlobalSection
EndGlobal
