
Microsoft Visual Studio Solution File, Format Version 12.00
# Visual Studio Version 16
VisualStudioVersion = 16.0.31515.178
MinimumVisualStudioVersion = 10.0.40219.1
Project("{FAE04EC0-301F-11D3-BF4B-00C04F79EFBC}") = "HexToDec", "HexToDec\HexToDec.csproj", "{04DCCC8C-089E-475D-B68C-1CD594C5B83E}"
EndProject
Global
	GlobalSection(SolutionConfigurationPlatforms) = preSolution
		Debug|Any CPU = Debug|Any CPU
		Release|Any CPU = Release|Any CPU
	EndGlobalSection
	GlobalSection(ProjectConfigurationPlatforms) = postSolution
		{04DCCC8C-089E-475D-B68C-1CD594C5B83E}.Debug|Any CPU.ActiveCfg = Debug|Any CPU
		{04DCCC8C-089E-475D-B68C-1CD594C5B83E}.Debug|Any CPU.Build.0 = Debug|Any CPU
		{04DCCC8C-089E-475D-B68C-1CD594C5B83E}.Release|Any CPU.ActiveCfg = Release|Any CPU
		{04DCCC8C-089E-475D-B68C-1CD594C5B83E}.Release|Any CPU.Build.0 = Release|Any CPU
	EndGlobalSection
	GlobalSection(SolutionProperties) = preSolution
		HideSolutionNode = FALSE
	EndGlobalSection
	GlobalSection(ExtensibilityGlobals) = postSolution
		SolutionGuid = {052ADD1E-38A3-4D0B-B312-84EA58B02CD5}
	EndGlobalSection
EndGlobal
