
Microsoft Visual Studio Solution File, Format Version 12.00
# Visual Studio Version 16
VisualStudioVersion = 16.0.31515.178
MinimumVisualStudioVersion = 10.0.40219.1
Project("{FAE04EC0-301F-11D3-BF4B-00C04F79EFBC}") = "MultiplicationNumber", "MultiplicationNumber\MultiplicationNumber.csproj", "{61CCD4D6-B96C-4DA2-825C-F4796EA405AB}"
EndProject
Global
	GlobalSection(SolutionConfigurationPlatforms) = preSolution
		Debug|Any CPU = Debug|Any CPU
		Release|Any CPU = Release|Any CPU
	EndGlobalSection
	GlobalSection(ProjectConfigurationPlatforms) = postSolution
		{61CCD4D6-B96C-4DA2-825C-F4796EA405AB}.Debug|Any CPU.ActiveCfg = Debug|Any CPU
		{61CCD4D6-B96C-4DA2-825C-F4796EA405AB}.Debug|Any CPU.Build.0 = Debug|Any CPU
		{61CCD4D6-B96C-4DA2-825C-F4796EA405AB}.Release|Any CPU.ActiveCfg = Release|Any CPU
		{61CCD4D6-B96C-4DA2-825C-F4796EA405AB}.Release|Any CPU.Build.0 = Release|Any CPU
	EndGlobalSection
	GlobalSection(SolutionProperties) = preSolution
		HideSolutionNode = FALSE
	EndGlobalSection
	GlobalSection(ExtensibilityGlobals) = postSolution
		SolutionGuid = {61033199-F090-45EA-B7F7-2423D0FAA15A}
	EndGlobalSection
EndGlobal
